
Microsoft Visual Studio Solution File, Format Version 12.00
# Visual Studio Version 16
VisualStudioVersion = 16.0.31402.337
MinimumVisualStudioVersion = 10.0.40219.1
Project("{8BC9CEB8-8B4A-11D0-8D11-00A0C91BC942}") = "TicTacToe2021", "TicTacToe2017\TicTacToe2017.vcxproj", "{CD7E4B4F-0C40-4463-A044-724709089834}"
EndProject
Global
	GlobalSection(SolutionConfigurationPlatforms) = preSolution
		Debug|x64 = Debug|x64
		Debug|x86 = Debug|x86
		Release|x64 = Release|x64
		Release|x86 = Release|x86
	EndGlobalSection
	GlobalSection(ProjectConfigurationPlatforms) = postSolution
		{CD7E4B4F-0C40-4463-A044-724709089834}.Debug|x64.ActiveCfg = Debug|x64
		{CD7E4B4F-0C40-4463-A044-724709089834}.Debug|x64.Build.0 = Debug|x64
		{CD7E4B4F-0C40-4463-A044-724709089834}.Debug|x86.ActiveCfg = Debug|Win32
		{CD7E4B4F-0C40-4463-A044-724709089834}.Debug|x86.Build.0 = Debug|Win32
		{CD7E4B4F-0C40-4463-A044-724709089834}.Release|x64.ActiveCfg = Release|x64
		{CD7E4B4F-0C40-4463-A044-724709089834}.Release|x64.Build.0 = Release|x64
		{CD7E4B4F-0C40-4463-A044-724709089834}.Release|x86.ActiveCfg = Release|Win32
		{CD7E4B4F-0C40-4463-A044-724709089834}.Release|x86.Build.0 = Release|Win32
	EndGlobalSection
	GlobalSection(SolutionProperties) = preSolution
		HideSolutionNode = FALSE
	EndGlobalSection
	GlobalSection(ExtensibilityGlobals) = postSolution
		SolutionGuid = {FB1036BC-90B7-4055-86EF-D93CF03FB065}
	EndGlobalSection
EndGlobal
