
Microsoft Visual Studio Solution File, Format Version 12.00
# Visual Studio Version 17
VisualStudioVersion = 17.14.36109.1 d17.14
MinimumVisualStudioVersion = 10.0.40219.1
Project("{8BC9CEB8-8B4A-11D0-8D11-00A0C91BC942}") = "PA3", "PA3\PA3.vcxproj", "{215F99E0-F516-49F9-890B-16F55677680E}"
EndProject
Global
	GlobalSection(SolutionConfigurationPlatforms) = preSolution
		Debug|x64 = Debug|x64
		Debug|x86 = Debug|x86
		Release|x64 = Release|x64
		Release|x86 = Release|x86
	EndGlobalSection
	GlobalSection(ProjectConfigurationPlatforms) = postSolution
		{215F99E0-F516-49F9-890B-16F55677680E}.Debug|x64.ActiveCfg = Debug|x64
		{215F99E0-F516-49F9-890B-16F55677680E}.Debug|x64.Build.0 = Debug|x64
		{215F99E0-F516-49F9-890B-16F55677680E}.Debug|x86.ActiveCfg = Debug|Win32
		{215F99E0-F516-49F9-890B-16F55677680E}.Debug|x86.Build.0 = Debug|Win32
		{215F99E0-F516-49F9-890B-16F55677680E}.Release|x64.ActiveCfg = Release|x64
		{215F99E0-F516-49F9-890B-16F55677680E}.Release|x64.Build.0 = Release|x64
		{215F99E0-F516-49F9-890B-16F55677680E}.Release|x86.ActiveCfg = Release|Win32
		{215F99E0-F516-49F9-890B-16F55677680E}.Release|x86.Build.0 = Release|Win32
	EndGlobalSection
	GlobalSection(SolutionProperties) = preSolution
		HideSolutionNode = FALSE
	EndGlobalSection
	GlobalSection(ExtensibilityGlobals) = postSolution
		SolutionGuid = {8104DCA2-E7FF-492B-B2E8-E4938E35A221}
	EndGlobalSection
EndGlobal
